
Microsoft Visual Studio Solution File, Format Version 12.00
# Visual Studio Version 17
VisualStudioVersion = 17.14.36623.8
MinimumVisualStudioVersion = 10.0.40219.1
Project("{FAE04EC0-301F-11D3-BF4B-00C04F79EFBC}") = "AdminApi", "WebAPI_RealEstate\AdminApi.csproj", "{3C165349-C5AF-46D1-AEF8-E341C7AB1E41}"
EndProject
Project("{2150E333-8FDC-42A3-9474-1A3956D46DE8}") = "Gateway", "Gateway", "{02EA681E-C7D8-13C7-8484-4AC65E1B71E8}"
EndProject
Project("{FAE04EC0-301F-11D3-BF4B-00C04F79EFBC}") = "ApiGateway", "ApiGateway\ApiGateway.csproj", "{59F874C0-C8E0-45D5-94AF-81294268FF1F}"
EndProject
Project("{2150E333-8FDC-42A3-9474-1A3956D46DE8}") = "Modules", "Modules", "{C8BB1BB7-EC2F-45AC-A16A-828932ECE60F}"
EndProject
Project("{FAE04EC0-301F-11D3-BF4B-00C04F79EFBC}") = "UserApi", "AdminApi\UserApi.csproj", "{5B5FF855-F70E-4724-96FB-614E0E549FDE}"
EndProject
Project("{2150E333-8FDC-42A3-9474-1A3956D46DE8}") = "Common", "Common", "{70DB3D13-B80E-4167-BC88-BC58FB080A9C}"
EndProject
Project("{FAE04EC0-301F-11D3-BF4B-00C04F79EFBC}") = "Common_BLL", "BLL\Common_BLL.csproj", "{86A7D602-1306-40DC-8B72-9B4E4FD66E20}"
EndProject
Project("{FAE04EC0-301F-11D3-BF4B-00C04F79EFBC}") = "Common_DAL", "DAL\Common_DAL.csproj", "{D151D347-B7FD-4FE5-A2EE-692EA31E4610}"
EndProject
Project("{FAE04EC0-301F-11D3-BF4B-00C04F79EFBC}") = "Common_DTOs", "DTOs\Common_DTOs.csproj", "{2FF82B98-7AE3-41F1-B0D6-72EFA212ABEE}"
EndProject
Project("{FAE04EC0-301F-11D3-BF4B-00C04F79EFBC}") = "Common_Shared", "Common_Shared\Common_Shared.csproj", "{877FA809-502D-4C35-9BBB-76C3CBCDBFEF}"
EndProject
Global
	GlobalSection(SolutionConfigurationPlatforms) = preSolution
		Debug|Any CPU = Debug|Any CPU
		Release|Any CPU = Release|Any CPU
	EndGlobalSection
	GlobalSection(ProjectConfigurationPlatforms) = postSolution
		{3C165349-C5AF-46D1-AEF8-E341C7AB1E41}.Debug|Any CPU.ActiveCfg = Debug|Any CPU
		{3C165349-C5AF-46D1-AEF8-E341C7AB1E41}.Debug|Any CPU.Build.0 = Debug|Any CPU
		{3C165349-C5AF-46D1-AEF8-E341C7AB1E41}.Release|Any CPU.ActiveCfg = Release|Any CPU
		{3C165349-C5AF-46D1-AEF8-E341C7AB1E41}.Release|Any CPU.Build.0 = Release|Any CPU
		{59F874C0-C8E0-45D5-94AF-81294268FF1F}.Debug|Any CPU.ActiveCfg = Debug|Any CPU
		{59F874C0-C8E0-45D5-94AF-81294268FF1F}.Debug|Any CPU.Build.0 = Debug|Any CPU
		{59F874C0-C8E0-45D5-94AF-81294268FF1F}.Release|Any CPU.ActiveCfg = Release|Any CPU
		{59F874C0-C8E0-45D5-94AF-81294268FF1F}.Release|Any CPU.Build.0 = Release|Any CPU
		{5B5FF855-F70E-4724-96FB-614E0E549FDE}.Debug|Any CPU.ActiveCfg = Debug|Any CPU
		{5B5FF855-F70E-4724-96FB-614E0E549FDE}.Debug|Any CPU.Build.0 = Debug|Any CPU
		{5B5FF855-F70E-4724-96FB-614E0E549FDE}.Release|Any CPU.ActiveCfg = Release|Any CPU
		{5B5FF855-F70E-4724-96FB-614E0E549FDE}.Release|Any CPU.Build.0 = Release|Any CPU
		{86A7D602-1306-40DC-8B72-9B4E4FD66E20}.Debug|Any CPU.ActiveCfg = Debug|Any CPU
		{86A7D602-1306-40DC-8B72-9B4E4FD66E20}.Debug|Any CPU.Build.0 = Debug|Any CPU
		{86A7D602-1306-40DC-8B72-9B4E4FD66E20}.Release|Any CPU.ActiveCfg = Release|Any CPU
		{86A7D602-1306-40DC-8B72-9B4E4FD66E20}.Release|Any CPU.Build.0 = Release|Any CPU
		{D151D347-B7FD-4FE5-A2EE-692EA31E4610}.Debug|Any CPU.ActiveCfg = Debug|Any CPU
		{D151D347-B7FD-4FE5-A2EE-692EA31E4610}.Debug|Any CPU.Build.0 = Debug|Any CPU
		{D151D347-B7FD-4FE5-A2EE-692EA31E4610}.Release|Any CPU.ActiveCfg = Release|Any CPU
		{D151D347-B7FD-4FE5-A2EE-692EA31E4610}.Release|Any CPU.Build.0 = Release|Any CPU
		{2FF82B98-7AE3-41F1-B0D6-72EFA212ABEE}.Debug|Any CPU.ActiveCfg = Debug|Any CPU
		{2FF82B98-7AE3-41F1-B0D6-72EFA212ABEE}.Debug|Any CPU.Build.0 = Debug|Any CPU
		{2FF82B98-7AE3-41F1-B0D6-72EFA212ABEE}.Release|Any CPU.ActiveCfg = Release|Any CPU
		{2FF82B98-7AE3-41F1-B0D6-72EFA212ABEE}.Release|Any CPU.Build.0 = Release|Any CPU
		{877FA809-502D-4C35-9BBB-76C3CBCDBFEF}.Debug|Any CPU.ActiveCfg = Debug|Any CPU
		{877FA809-502D-4C35-9BBB-76C3CBCDBFEF}.Debug|Any CPU.Build.0 = Debug|Any CPU
		{877FA809-502D-4C35-9BBB-76C3CBCDBFEF}.Release|Any CPU.ActiveCfg = Release|Any CPU
		{877FA809-502D-4C35-9BBB-76C3CBCDBFEF}.Release|Any CPU.Build.0 = Release|Any CPU
	EndGlobalSection
	GlobalSection(SolutionProperties) = preSolution
		HideSolutionNode = FALSE
	EndGlobalSection
	GlobalSection(NestedProjects) = preSolution
		{3C165349-C5AF-46D1-AEF8-E341C7AB1E41} = {C8BB1BB7-EC2F-45AC-A16A-828932ECE60F}
		{59F874C0-C8E0-45D5-94AF-81294268FF1F} = {02EA681E-C7D8-13C7-8484-4AC65E1B71E8}
		{5B5FF855-F70E-4724-96FB-614E0E549FDE} = {C8BB1BB7-EC2F-45AC-A16A-828932ECE60F}
		{86A7D602-1306-40DC-8B72-9B4E4FD66E20} = {70DB3D13-B80E-4167-BC88-BC58FB080A9C}
		{D151D347-B7FD-4FE5-A2EE-692EA31E4610} = {70DB3D13-B80E-4167-BC88-BC58FB080A9C}
		{2FF82B98-7AE3-41F1-B0D6-72EFA212ABEE} = {70DB3D13-B80E-4167-BC88-BC58FB080A9C}
		{877FA809-502D-4C35-9BBB-76C3CBCDBFEF} = {70DB3D13-B80E-4167-BC88-BC58FB080A9C}
	EndGlobalSection
	GlobalSection(ExtensibilityGlobals) = postSolution
		SolutionGuid = {08313653-0B5D-4BD8-934A-F06D3DE58B1F}
	EndGlobalSection
EndGlobal
